
Microsoft Visual Studio Solution File, Format Version 12.00
# Visual Studio Version 17
VisualStudioVersion = 17.11.35222.181
MinimumVisualStudioVersion = 10.0.40219.1
Project("{FAE04EC0-301F-11D3-BF4B-00C04F79EFBC}") = "AdminPortalBlazorTemplate", "AdminPortalBlazorTemplate.csproj", "{6B91AC09-717F-4FF9-A5AB-9C0A0EBF4665}"
EndProject
Global
	GlobalSection(SolutionConfigurationPlatforms) = preSolution
		Debug|Any CPU = Debug|Any CPU
		Release|Any CPU = Release|Any CPU
	EndGlobalSection
	GlobalSection(ProjectConfigurationPlatforms) = postSolution
		{6B91AC09-717F-4FF9-A5AB-9C0A0EBF4665}.Debug|Any CPU.ActiveCfg = Debug|Any CPU
		{6B91AC09-717F-4FF9-A5AB-9C0A0EBF4665}.Debug|Any CPU.Build.0 = Debug|Any CPU
		{6B91AC09-717F-4FF9-A5AB-9C0A0EBF4665}.Release|Any CPU.ActiveCfg = Release|Any CPU
		{6B91AC09-717F-4FF9-A5AB-9C0A0EBF4665}.Release|Any CPU.Build.0 = Release|Any CPU
	EndGlobalSection
	GlobalSection(SolutionProperties) = preSolution
		HideSolutionNode = FALSE
	EndGlobalSection
	GlobalSection(ExtensibilityGlobals) = postSolution
		SolutionGuid = {ABF02B64-5E36-441A-B003-7D37D5411339}
	EndGlobalSection
EndGlobal
